// !$*UTF8*$!
{
	archiveVersion = 1;
	classes = {
	};
	objectVersion = 56;
	objects = {

/* Begin PBXBuildFile section */
		B73404542DE9BC51003EFC2A /* Extensions.swift in Sources */ = {isa = PBXBuildFile; fileRef = B73404532DE9BC51003EFC2A /* Extensions.swift */; };
		B73404582DE9DFDF003EFC2A /* TitleCollectionViewCell.swift in Sources */ = {isa = PBXBuildFile; fileRef = B73404572DE9DFDF003EFC2A /* TitleCollectionViewCell.swift */; };
		B734045B2DE9ECD1003EFC2A /* SDWebImage in Frameworks */ = {isa = PBXBuildFile; productRef = B734045A2DE9ECD1003EFC2A /* SDWebImage */; };
		B734045D2DE9ECD1003EFC2A /* SDWebImageMapKit in Frameworks */ = {isa = PBXBuildFile; productRef = B734045C2DE9ECD1003EFC2A /* SDWebImageMapKit */; };
		B76EF9162DDB3AD100CD248B /* DownloadsViewController.swift in Sources */ = {isa = PBXBuildFile; fileRef = B76EF9112DDB3AD100CD248B /* DownloadsViewController.swift */; };
		B76EF9172DDB3AD100CD248B /* HomeViewController.swift in Sources */ = {isa = PBXBuildFile; fileRef = B76EF9122DDB3AD100CD248B /* HomeViewController.swift */; };
		B76EF9182DDB3AD100CD248B /* SearchViewController.swift in Sources */ = {isa = PBXBuildFile; fileRef = B76EF9132DDB3AD100CD248B /* SearchViewController.swift */; };
		B76EF9192DDB3AD100CD248B /* UpcomingViewController.swift in Sources */ = {isa = PBXBuildFile; fileRef = B76EF9142DDB3AD100CD248B /* UpcomingViewController.swift */; };
		B76EF9202DDCC02100CD248B /* CollectionViewTableViewCell.swift in Sources */ = {isa = PBXBuildFile; fileRef = B76EF91F2DDCC02100CD248B /* CollectionViewTableViewCell.swift */; };
		B79A84612DE5FB4E00DB3FB5 /* APICaller.swift in Sources */ = {isa = PBXBuildFile; fileRef = B79A84602DE5FB4E00DB3FB5 /* APICaller.swift */; };
		B79A84632DE601B100DB3FB5 /* Title.swift in Sources */ = {isa = PBXBuildFile; fileRef = B79A84622DE601B100DB3FB5 /* Title.swift */; };
		B7CF72CE2DDB2275007753C9 /* AppDelegate.swift in Sources */ = {isa = PBXBuildFile; fileRef = B7CF72CD2DDB2275007753C9 /* AppDelegate.swift */; };
		B7CF72D02DDB2275007753C9 /* SceneDelegate.swift in Sources */ = {isa = PBXBuildFile; fileRef = B7CF72CF2DDB2275007753C9 /* SceneDelegate.swift */; };
		B7CF72D22DDB2275007753C9 /* MainTabBarViewController.swift in Sources */ = {isa = PBXBuildFile; fileRef = B7CF72D12DDB2275007753C9 /* MainTabBarViewController.swift */; };
		B7CF72D82DDB2275007753C9 /* Netflix_Clone.xcdatamodeld in Sources */ = {isa = PBXBuildFile; fileRef = B7CF72D62DDB2275007753C9 /* Netflix_Clone.xcdatamodeld */; };
		B7CF72DA2DDB2276007753C9 /* Assets.xcassets in Resources */ = {isa = PBXBuildFile; fileRef = B7CF72D92DDB2276007753C9 /* Assets.xcassets */; };
		B7CF72DD2DDB2276007753C9 /* Base in Resources */ = {isa = PBXBuildFile; fileRef = B7CF72DC2DDB2276007753C9 /* Base */; };
		B7D8949F2DE4AFEA00145BA2 /* HeroHeaderUIView.swift in Sources */ = {isa = PBXBuildFile; fileRef = B7D8949E2DE4AFEA00145BA2 /* HeroHeaderUIView.swift */; };
/* End PBXBuildFile section */

/* Begin PBXFileReference section */
		B73404532DE9BC51003EFC2A /* Extensions.swift */ = {isa = PBXFileReference; lastKnownFileType = sourcecode.swift; path = Extensions.swift; sourceTree = "<group>"; };
		B73404572DE9DFDF003EFC2A /* TitleCollectionViewCell.swift */ = {isa = PBXFileReference; lastKnownFileType = sourcecode.swift; path = TitleCollectionViewCell.swift; sourceTree = "<group>"; };
		B76EF9112DDB3AD100CD248B /* DownloadsViewController.swift */ = {isa = PBXFileReference; fileEncoding = 4; lastKnownFileType = sourcecode.swift; path = DownloadsViewController.swift; sourceTree = "<group>"; };
		B76EF9122DDB3AD100CD248B /* HomeViewController.swift */ = {isa = PBXFileReference; fileEncoding = 4; lastKnownFileType = sourcecode.swift; path = HomeViewController.swift; sourceTree = "<group>"; };
		B76EF9132DDB3AD100CD248B /* SearchViewController.swift */ = {isa = PBXFileReference; fileEncoding = 4; lastKnownFileType = sourcecode.swift; path = SearchViewController.swift; sourceTree = "<group>"; };
		B76EF9142DDB3AD100CD248B /* UpcomingViewController.swift */ = {isa = PBXFileReference; fileEncoding = 4; lastKnownFileType = sourcecode.swift; path = UpcomingViewController.swift; sourceTree = "<group>"; };
		B76EF91F2DDCC02100CD248B /* CollectionViewTableViewCell.swift */ = {isa = PBXFileReference; lastKnownFileType = sourcecode.swift; path = CollectionViewTableViewCell.swift; sourceTree = "<group>"; };
		B79A84602DE5FB4E00DB3FB5 /* APICaller.swift */ = {isa = PBXFileReference; lastKnownFileType = sourcecode.swift; path = APICaller.swift; sourceTree = "<group>"; };
		B79A84622DE601B100DB3FB5 /* Title.swift */ = {isa = PBXFileReference; lastKnownFileType = sourcecode.swift; path = Title.swift; sourceTree = "<group>"; };
		B7CF72CA2DDB2275007753C9 /* Netflix Clone.app */ = {isa = PBXFileReference; explicitFileType = wrapper.application; includeInIndex = 0; path = "Netflix Clone.app"; sourceTree = BUILT_PRODUCTS_DIR; };
		B7CF72CD2DDB2275007753C9 /* AppDelegate.swift */ = {isa = PBXFileReference; lastKnownFileType = sourcecode.swift; path = AppDelegate.swift; sourceTree = "<group>"; };
		B7CF72CF2DDB2275007753C9 /* SceneDelegate.swift */ = {isa = PBXFileReference; lastKnownFileType = sourcecode.swift; path = SceneDelegate.swift; sourceTree = "<group>"; };
		B7CF72D12DDB2275007753C9 /* MainTabBarViewController.swift */ = {isa = PBXFileReference; lastKnownFileType = sourcecode.swift; path = MainTabBarViewController.swift; sourceTree = "<group>"; };
		B7CF72D72DDB2275007753C9 /* Netflix_Clone.xcdatamodel */ = {isa = PBXFileReference; lastKnownFileType = wrapper.xcdatamodel; path = Netflix_Clone.xcdatamodel; sourceTree = "<group>"; };
		B7CF72D92DDB2276007753C9 /* Assets.xcassets */ = {isa = PBXFileReference; lastKnownFileType = folder.assetcatalog; path = Assets.xcassets; sourceTree = "<group>"; };
		B7CF72DC2DDB2276007753C9 /* Base */ = {isa = PBXFileReference; lastKnownFileType = file.storyboard; name = Base; path = Base.lproj/LaunchScreen.storyboard; sourceTree = "<group>"; };
		B7CF72DE2DDB2276007753C9 /* Info.plist */ = {isa = PBXFileReference; lastKnownFileType = text.plist.xml; path = Info.plist; sourceTree = "<group>"; };
		B7D8949E2DE4AFEA00145BA2 /* HeroHeaderUIView.swift */ = {isa = PBXFileReference; lastKnownFileType = sourcecode.swift; path = HeroHeaderUIView.swift; sourceTree = "<group>"; };
/* End PBXFileReference section */

/* Begin PBXFrameworksBuildPhase section */
		B7CF72C72DDB2275007753C9 /* Frameworks */ = {
			isa = PBXFrameworksBuildPhase;
			buildActionMask = 2147483647;
			files = (
				B734045D2DE9ECD1003EFC2A /* SDWebImageMapKit in Frameworks */,
				B734045B2DE9ECD1003EFC2A /* SDWebImage in Frameworks */,
			);
			runOnlyForDeploymentPostprocessing = 0;
		};
/* End PBXFrameworksBuildPhase section */

/* Begin PBXGroup section */
		B76EF9152DDB3AD100CD248B /* Controllers */ = {
			isa = PBXGroup;
			children = (
				B76EF9122DDB3AD100CD248B /* HomeViewController.swift */,
				B76EF9112DDB3AD100CD248B /* DownloadsViewController.swift */,
				B76EF9132DDB3AD100CD248B /* SearchViewController.swift */,
				B76EF9142DDB3AD100CD248B /* UpcomingViewController.swift */,
			);
			path = Controllers;
			sourceTree = "<group>";
		};
		B76EF91A2DDCBF7A00CD248B /* Views */ = {
			isa = PBXGroup;
			children = (
				B76EF91F2DDCC02100CD248B /* CollectionViewTableViewCell.swift */,
				B7D8949E2DE4AFEA00145BA2 /* HeroHeaderUIView.swift */,
				B73404572DE9DFDF003EFC2A /* TitleCollectionViewCell.swift */,
			);
			path = Views;
			sourceTree = "<group>";
		};
		B76EF91B2DDCBF8800CD248B /* ViewModels */ = {
			isa = PBXGroup;
			children = (
			);
			path = ViewModels;
			sourceTree = "<group>";
		};
		B76EF91C2DDCBF9000CD248B /* Models */ = {
			isa = PBXGroup;
			children = (
				B79A84622DE601B100DB3FB5 /* Title.swift */,
			);
			path = Models;
			sourceTree = "<group>";
		};
		B76EF91D2DDCBFCF00CD248B /* Resources */ = {
			isa = PBXGroup;
			children = (
				B73404532DE9BC51003EFC2A /* Extensions.swift */,
			);
			path = Resources;
			sourceTree = "<group>";
		};
		B76EF91E2DDCBFD700CD248B /* Managers */ = {
			isa = PBXGroup;
			children = (
				B79A84602DE5FB4E00DB3FB5 /* APICaller.swift */,
			);
			path = Managers;
			sourceTree = "<group>";
		};
		B7CF72C12DDB2275007753C9 = {
			isa = PBXGroup;
			children = (
				B7CF72CC2DDB2275007753C9 /* Netflix Clone */,
				B7CF72CB2DDB2275007753C9 /* Products */,
			);
			sourceTree = "<group>";
		};
		B7CF72CB2DDB2275007753C9 /* Products */ = {
			isa = PBXGroup;
			children = (
				B7CF72CA2DDB2275007753C9 /* Netflix Clone.app */,
			);
			name = Products;
			sourceTree = "<group>";
		};
		B7CF72CC2DDB2275007753C9 /* Netflix Clone */ = {
			isa = PBXGroup;
			children = (
				B76EF91E2DDCBFD700CD248B /* Managers */,
				B76EF91D2DDCBFCF00CD248B /* Resources */,
				B76EF91C2DDCBF9000CD248B /* Models */,
				B76EF91A2DDCBF7A00CD248B /* Views */,
				B76EF91B2DDCBF8800CD248B /* ViewModels */,
				B76EF9152DDB3AD100CD248B /* Controllers */,
				B7CF72CD2DDB2275007753C9 /* AppDelegate.swift */,
				B7CF72CF2DDB2275007753C9 /* SceneDelegate.swift */,
				B7CF72D12DDB2275007753C9 /* MainTabBarViewController.swift */,
				B7CF72D92DDB2276007753C9 /* Assets.xcassets */,
				B7CF72DB2DDB2276007753C9 /* LaunchScreen.storyboard */,
				B7CF72DE2DDB2276007753C9 /* Info.plist */,
				B7CF72D62DDB2275007753C9 /* Netflix_Clone.xcdatamodeld */,
			);
			path = "Netflix Clone";
			sourceTree = "<group>";
		};
/* End PBXGroup section */

/* Begin PBXNativeTarget section */
		B7CF72C92DDB2275007753C9 /* Netflix Clone */ = {
			isa = PBXNativeTarget;
			buildConfigurationList = B7CF72E12DDB2276007753C9 /* Build configuration list for PBXNativeTarget "Netflix Clone" */;
			buildPhases = (
				B7CF72C62DDB2275007753C9 /* Sources */,
				B7CF72C72DDB2275007753C9 /* Frameworks */,
				B7CF72C82DDB2275007753C9 /* Resources */,
			);
			buildRules = (
			);
			dependencies = (
			);
			name = "Netflix Clone";
			packageProductDependencies = (
				B734045A2DE9ECD1003EFC2A /* SDWebImage */,
				B734045C2DE9ECD1003EFC2A /* SDWebImageMapKit */,
			);
			productName = "Netflix Clone";
			productReference = B7CF72CA2DDB2275007753C9 /* Netflix Clone.app */;
			productType = "com.apple.product-type.application";
		};
/* End PBXNativeTarget section */

/* Begin PBXProject section */
		B7CF72C22DDB2275007753C9 /* Project object */ = {
			isa = PBXProject;
			attributes = {
				BuildIndependentTargetsInParallel = 1;
				LastSwiftUpdateCheck = 1540;
				LastUpgradeCheck = 1540;
				TargetAttributes = {
					B7CF72C92DDB2275007753C9 = {
						CreatedOnToolsVersion = 15.4;
					};
				};
			};
			buildConfigurationList = B7CF72C52DDB2275007753C9 /* Build configuration list for PBXProject "Netflix Clone" */;
			compatibilityVersion = "Xcode 14.0";
			developmentRegion = en;
			hasScannedForEncodings = 0;
			knownRegions = (
				en,
				Base,
			);
			mainGroup = B7CF72C12DDB2275007753C9;
			packageReferences = (
				B73404592DE9ECD1003EFC2A /* XCRemoteSwiftPackageReference "SDWebImage" */,
			);
			productRefGroup = B7CF72CB2DDB2275007753C9 /* Products */;
			projectDirPath = "";
			projectRoot = "";
			targets = (
				B7CF72C92DDB2275007753C9 /* Netflix Clone */,
			);
		};
/* End PBXProject section */

/* Begin PBXResourcesBuildPhase section */
		B7CF72C82DDB2275007753C9 /* Resources */ = {
			isa = PBXResourcesBuildPhase;
			buildActionMask = 2147483647;
			files = (
				B7CF72DA2DDB2276007753C9 /* Assets.xcassets in Resources */,
				B7CF72DD2DDB2276007753C9 /* Base in Resources */,
			);
			runOnlyForDeploymentPostprocessing = 0;
		};
/* End PBXResourcesBuildPhase section */

/* Begin PBXSourcesBuildPhase section */
		B7CF72C62DDB2275007753C9 /* Sources */ = {
			isa = PBXSourcesBuildPhase;
			buildActionMask = 2147483647;
			files = (
				B76EF9192DDB3AD100CD248B /* UpcomingViewController.swift in Sources */,
				B7D8949F2DE4AFEA00145BA2 /* HeroHeaderUIView.swift in Sources */,
				B79A84632DE601B100DB3FB5 /* Title.swift in Sources */,
				B76EF9162DDB3AD100CD248B /* DownloadsViewController.swift in Sources */,
				B76EF9182DDB3AD100CD248B /* SearchViewController.swift in Sources */,
				B7CF72D82DDB2275007753C9 /* Netflix_Clone.xcdatamodeld in Sources */,
				B7CF72D22DDB2275007753C9 /* MainTabBarViewController.swift in Sources */,
				B73404582DE9DFDF003EFC2A /* TitleCollectionViewCell.swift in Sources */,
				B76EF9202DDCC02100CD248B /* CollectionViewTableViewCell.swift in Sources */,
				B73404542DE9BC51003EFC2A /* Extensions.swift in Sources */,
				B7CF72CE2DDB2275007753C9 /* AppDelegate.swift in Sources */,
				B79A84612DE5FB4E00DB3FB5 /* APICaller.swift in Sources */,
				B7CF72D02DDB2275007753C9 /* SceneDelegate.swift in Sources */,
				B76EF9172DDB3AD100CD248B /* HomeViewController.swift in Sources */,
			);
			runOnlyForDeploymentPostprocessing = 0;
		};
/* End PBXSourcesBuildPhase section */

/* Begin PBXVariantGroup section */
		B7CF72DB2DDB2276007753C9 /* LaunchScreen.storyboard */ = {
			isa = PBXVariantGroup;
			children = (
				B7CF72DC2DDB2276007753C9 /* Base */,
			);
			name = LaunchScreen.storyboard;
			sourceTree = "<group>";
		};
/* End PBXVariantGroup section */

/* Begin XCBuildConfiguration section */
		B7CF72DF2DDB2276007753C9 /* Debug */ = {
			isa = XCBuildConfiguration;
			buildSettings = {
				ALWAYS_SEARCH_USER_PATHS = NO;
				ASSETCATALOG_COMPILER_GENERATE_SWIFT_ASSET_SYMBOL_EXTENSIONS = YES;
				CLANG_ANALYZER_NONNULL = YES;
				CLANG_ANALYZER_NUMBER_OBJECT_CONVERSION = YES_AGGRESSIVE;
				CLANG_CXX_LANGUAGE_STANDARD = "gnu++20";
				CLANG_ENABLE_MODULES = YES;
				CLANG_ENABLE_OBJC_ARC = YES;
				CLANG_ENABLE_OBJC_WEAK = YES;
				CLANG_WARN_BLOCK_CAPTURE_AUTORELEASING = YES;
				CLANG_WARN_BOOL_CONVERSION = YES;
				CLANG_WARN_COMMA = YES;
				CLANG_WARN_CONSTANT_CONVERSION = YES;
				CLANG_WARN_DEPRECATED_OBJC_IMPLEMENTATIONS = YES;
				CLANG_WARN_DIRECT_OBJC_ISA_USAGE = YES_ERROR;
				CLANG_WARN_DOCUMENTATION_COMMENTS = YES;
				CLANG_WARN_EMPTY_BODY = YES;
				CLANG_WARN_ENUM_CONVERSION = YES;
				CLANG_WARN_INFINITE_RECURSION = YES;
				CLANG_WARN_INT_CONVERSION = YES;
				CLANG_WARN_NON_LITERAL_NULL_CONVERSION = YES;
				CLANG_WARN_OBJC_IMPLICIT_RETAIN_SELF = YES;
				CLANG_WARN_OBJC_LITERAL_CONVERSION = YES;
				CLANG_WARN_OBJC_ROOT_CLASS = YES_ERROR;
				CLANG_WARN_QUOTED_INCLUDE_IN_FRAMEWORK_HEADER = YES;
				CLANG_WARN_RANGE_LOOP_ANALYSIS = YES;
				CLANG_WARN_STRICT_PROTOTYPES = YES;
				CLANG_WARN_SUSPICIOUS_MOVE = YES;
				CLANG_WARN_UNGUARDED_AVAILABILITY = YES_AGGRESSIVE;
				CLANG_WARN_UNREACHABLE_CODE = YES;
				CLANG_WARN__DUPLICATE_METHOD_MATCH = YES;
				COPY_PHASE_STRIP = NO;
				DEBUG_INFORMATION_FORMAT = dwarf;
				ENABLE_STRICT_OBJC_MSGSEND = YES;
				ENABLE_TESTABILITY = YES;
				ENABLE_USER_SCRIPT_SANDBOXING = YES;
				GCC_C_LANGUAGE_STANDARD = gnu17;
				GCC_DYNAMIC_NO_PIC = NO;
				GCC_NO_COMMON_BLOCKS = YES;
				GCC_OPTIMIZATION_LEVEL = 0;
				GCC_PREPROCESSOR_DEFINITIONS = (
					"DEBUG=1",
					"$(inherited)",
				);
				GCC_WARN_64_TO_32_BIT_CONVERSION = YES;
				GCC_WARN_ABOUT_RETURN_TYPE = YES_ERROR;
				GCC_WARN_UNDECLARED_SELECTOR = YES;
				GCC_WARN_UNINITIALIZED_AUTOS = YES_AGGRESSIVE;
				GCC_WARN_UNUSED_FUNCTION = YES;
				GCC_WARN_UNUSED_VARIABLE = YES;
				IPHONEOS_DEPLOYMENT_TARGET = 17.5;
				LOCALIZATION_PREFERS_STRING_CATALOGS = YES;
				MTL_ENABLE_DEBUG_INFO = INCLUDE_SOURCE;
				MTL_FAST_MATH = YES;
				ONLY_ACTIVE_ARCH = YES;
				SDKROOT = iphoneos;
				SWIFT_ACTIVE_COMPILATION_CONDITIONS = "DEBUG $(inherited)";
				SWIFT_OPTIMIZATION_LEVEL = "-Onone";
			};
			name = Debug;
		};
		B7CF72E02DDB2276007753C9 /* Release */ = {
			isa = XCBuildConfiguration;
			buildSettings = {
				ALWAYS_SEARCH_USER_PATHS = NO;
				ASSETCATALOG_COMPILER_GENERATE_SWIFT_ASSET_SYMBOL_EXTENSIONS = YES;
				CLANG_ANALYZER_NONNULL = YES;
				CLANG_ANALYZER_NUMBER_OBJECT_CONVERSION = YES_AGGRESSIVE;
				CLANG_CXX_LANGUAGE_STANDARD = "gnu++20";
				CLANG_ENABLE_MODULES = YES;
				CLANG_ENABLE_OBJC_ARC = YES;
				CLANG_ENABLE_OBJC_WEAK = YES;
				CLANG_WARN_BLOCK_CAPTURE_AUTORELEASING = YES;
				CLANG_WARN_BOOL_CONVERSION = YES;
				CLANG_WARN_COMMA = YES;
				CLANG_WARN_CONSTANT_CONVERSION = YES;
				CLANG_WARN_DEPRECATED_OBJC_IMPLEMENTATIONS = YES;
				CLANG_WARN_DIRECT_OBJC_ISA_USAGE = YES_ERROR;
				CLANG_WARN_DOCUMENTATION_COMMENTS = YES;
				CLANG_WARN_EMPTY_BODY = YES;
				CLANG_WARN_ENUM_CONVERSION = YES;
				CLANG_WARN_INFINITE_RECURSION = YES;
				CLANG_WARN_INT_CONVERSION = YES;
				CLANG_WARN_NON_LITERAL_NULL_CONVERSION = YES;
				CLANG_WARN_OBJC_IMPLICIT_RETAIN_SELF = YES;
				CLANG_WARN_OBJC_LITERAL_CONVERSION = YES;
				CLANG_WARN_OBJC_ROOT_CLASS = YES_ERROR;
				CLANG_WARN_QUOTED_INCLUDE_IN_FRAMEWORK_HEADER = YES;
				CLANG_WARN_RANGE_LOOP_ANALYSIS = YES;
				CLANG_WARN_STRICT_PROTOTYPES = YES;
				CLANG_WARN_SUSPICIOUS_MOVE = YES;
				CLANG_WARN_UNGUARDED_AVAILABILITY = YES_AGGRESSIVE;
				CLANG_WARN_UNREACHABLE_CODE = YES;
				CLANG_WARN__DUPLICATE_METHOD_MATCH = YES;
				COPY_PHASE_STRIP = NO;
				DEBUG_INFORMATION_FORMAT = "dwarf-with-dsym";
				ENABLE_NS_ASSERTIONS = NO;
				ENABLE_STRICT_OBJC_MSGSEND = YES;
				ENABLE_USER_SCRIPT_SANDBOXING = YES;
				GCC_C_LANGUAGE_STANDARD = gnu17;
				GCC_NO_COMMON_BLOCKS = YES;
				GCC_WARN_64_TO_32_BIT_CONVERSION = YES;
				GCC_WARN_ABOUT_RETURN_TYPE = YES_ERROR;
				GCC_WARN_UNDECLARED_SELECTOR = YES;
				GCC_WARN_UNINITIALIZED_AUTOS = YES_AGGRESSIVE;
				GCC_WARN_UNUSED_FUNCTION = YES;
				GCC_WARN_UNUSED_VARIABLE = YES;
				IPHONEOS_DEPLOYMENT_TARGET = 17.5;
				LOCALIZATION_PREFERS_STRING_CATALOGS = YES;
				MTL_ENABLE_DEBUG_INFO = NO;
				MTL_FAST_MATH = YES;
				SDKROOT = iphoneos;
				SWIFT_COMPILATION_MODE = wholemodule;
				VALIDATE_PRODUCT = YES;
			};
			name = Release;
		};
		B7CF72E22DDB2276007753C9 /* Debug */ = {
			isa = XCBuildConfiguration;
			buildSettings = {
				ASSETCATALOG_COMPILER_APPICON_NAME = AppIcon;
				ASSETCATALOG_COMPILER_GLOBAL_ACCENT_COLOR_NAME = AccentColor;
				CODE_SIGN_STYLE = Automatic;
				CURRENT_PROJECT_VERSION = 1;
				DEVELOPMENT_TEAM = J6THCFBVS3;
				GENERATE_INFOPLIST_FILE = YES;
				INFOPLIST_FILE = "Netflix Clone/Info.plist";
				INFOPLIST_KEY_UIApplicationSupportsIndirectInputEvents = YES;
				INFOPLIST_KEY_UILaunchStoryboardName = LaunchScreen;
				INFOPLIST_KEY_UISupportedInterfaceOrientations_iPad = "UIInterfaceOrientationPortrait UIInterfaceOrientationPortraitUpsideDown UIInterfaceOrientationLandscapeLeft UIInterfaceOrientationLandscapeRight";
				INFOPLIST_KEY_UISupportedInterfaceOrientations_iPhone = "UIInterfaceOrientationPortrait UIInterfaceOrientationLandscapeLeft UIInterfaceOrientationLandscapeRight";
				LD_RUNPATH_SEARCH_PATHS = (
					"$(inherited)",
					"@executable_path/Frameworks",
				);
				MARKETING_VERSION = 1.0;
				PRODUCT_BUNDLE_IDENTIFIER = "com.CTL.Netflix-Clone";
				PRODUCT_NAME = "$(TARGET_NAME)";
				SWIFT_EMIT_LOC_STRINGS = YES;
				SWIFT_VERSION = 5.0;
				TARGETED_DEVICE_FAMILY = "1,2";
			};
			name = Debug;
		};
		B7CF72E32DDB2276007753C9 /* Release */ = {
			isa = XCBuildConfiguration;
			buildSettings = {
				ASSETCATALOG_COMPILER_APPICON_NAME = AppIcon;
				ASSETCATALOG_COMPILER_GLOBAL_ACCENT_COLOR_NAME = AccentColor;
				CODE_SIGN_STYLE = Automatic;
				CURRENT_PROJECT_VERSION = 1;
				DEVELOPMENT_TEAM = J6THCFBVS3;
				GENERATE_INFOPLIST_FILE = YES;
				INFOPLIST_FILE = "Netflix Clone/Info.plist";
				INFOPLIST_KEY_UIApplicationSupportsIndirectInputEvents = YES;
				INFOPLIST_KEY_UILaunchStoryboardName = LaunchScreen;
				INFOPLIST_KEY_UISupportedInterfaceOrientations_iPad = "UIInterfaceOrientationPortrait UIInterfaceOrientationPortraitUpsideDown UIInterfaceOrientationLandscapeLeft UIInterfaceOrientationLandscapeRight";
				INFOPLIST_KEY_UISupportedInterfaceOrientations_iPhone = "UIInterfaceOrientationPortrait UIInterfaceOrientationLandscapeLeft UIInterfaceOrientationLandscapeRight";
				LD_RUNPATH_SEARCH_PATHS = (
					"$(inherited)",
					"@executable_path/Frameworks",
				);
				MARKETING_VERSION = 1.0;
				PRODUCT_BUNDLE_IDENTIFIER = "com.CTL.Netflix-Clone";
				PRODUCT_NAME = "$(TARGET_NAME)";
				SWIFT_EMIT_LOC_STRINGS = YES;
				SWIFT_VERSION = 5.0;
				TARGETED_DEVICE_FAMILY = "1,2";
			};
			name = Release;
		};
/* End XCBuildConfiguration section */

/* Begin XCConfigurationList section */
		B7CF72C52DDB2275007753C9 /* Build configuration list for PBXProject "Netflix Clone" */ = {
			isa = XCConfigurationList;
			buildConfigurations = (
				B7CF72DF2DDB2276007753C9 /* Debug */,
				B7CF72E02DDB2276007753C9 /* Release */,
			);
			defaultConfigurationIsVisible = 0;
			defaultConfigurationName = Release;
		};
		B7CF72E12DDB2276007753C9 /* Build configuration list for PBXNativeTarget "Netflix Clone" */ = {
			isa = XCConfigurationList;
			buildConfigurations = (
				B7CF72E22DDB2276007753C9 /* Debug */,
				B7CF72E32DDB2276007753C9 /* Release */,
			);
			defaultConfigurationIsVisible = 0;
			defaultConfigurationName = Release;
		};
/* End XCConfigurationList section */

/* Begin XCRemoteSwiftPackageReference section */
		B73404592DE9ECD1003EFC2A /* XCRemoteSwiftPackageReference "SDWebImage" */ = {
			isa = XCRemoteSwiftPackageReference;
			repositoryURL = "https://github.com/SDWebImage/SDWebImage.git";
			requirement = {
				kind = upToNextMajorVersion;
				minimumVersion = 5.21.0;
			};
		};
/* End XCRemoteSwiftPackageReference section */

/* Begin XCSwiftPackageProductDependency section */
		B734045A2DE9ECD1003EFC2A /* SDWebImage */ = {
			isa = XCSwiftPackageProductDependency;
			package = B73404592DE9ECD1003EFC2A /* XCRemoteSwiftPackageReference "SDWebImage" */;
			productName = SDWebImage;
		};
		B734045C2DE9ECD1003EFC2A /* SDWebImageMapKit */ = {
			isa = XCSwiftPackageProductDependency;
			package = B73404592DE9ECD1003EFC2A /* XCRemoteSwiftPackageReference "SDWebImage" */;
			productName = SDWebImageMapKit;
		};
/* End XCSwiftPackageProductDependency section */

/* Begin XCVersionGroup section */
		B7CF72D62DDB2275007753C9 /* Netflix_Clone.xcdatamodeld */ = {
			isa = XCVersionGroup;
			children = (
				B7CF72D72DDB2275007753C9 /* Netflix_Clone.xcdatamodel */,
			);
			currentVersion = B7CF72D72DDB2275007753C9 /* Netflix_Clone.xcdatamodel */;
			path = Netflix_Clone.xcdatamodeld;
			sourceTree = "<group>";
			versionGroupType = wrapper.xcdatamodel;
		};
/* End XCVersionGroup section */
	};
	rootObject = B7CF72C22DDB2275007753C9 /* Project object */;
}
